
Microsoft Visual Studio Solution File, Format Version 12.00
# Visual Studio Version 16
VisualStudioVersion = 16.0.30309.148
MinimumVisualStudioVersion = 10.0.40219.1
Project("{9A19103F-16F7-4668-BE54-9A1E7A4F7556}") = "SurveyAPI", "SurveyAPI\SurveyAPI.csproj", "{EE7FCDCE-8EA2-483D-8ED1-8CAE01082969}"
EndProject
Global
	GlobalSection(SolutionConfigurationPlatforms) = preSolution
		Debug|Any CPU = Debug|Any CPU
		Release|Any CPU = Release|Any CPU
	EndGlobalSection
	GlobalSection(ProjectConfigurationPlatforms) = postSolution
		{EE7FCDCE-8EA2-483D-8ED1-8CAE01082969}.Debug|Any CPU.ActiveCfg = Debug|Any CPU
		{EE7FCDCE-8EA2-483D-8ED1-8CAE01082969}.Debug|Any CPU.Build.0 = Debug|Any CPU
		{EE7FCDCE-8EA2-483D-8ED1-8CAE01082969}.Release|Any CPU.ActiveCfg = Release|Any CPU
		{EE7FCDCE-8EA2-483D-8ED1-8CAE01082969}.Release|Any CPU.Build.0 = Release|Any CPU
	EndGlobalSection
	GlobalSection(SolutionProperties) = preSolution
		HideSolutionNode = FALSE
	EndGlobalSection
	GlobalSection(ExtensibilityGlobals) = postSolution
		SolutionGuid = {DB986D0B-86B7-40A6-9360-02671D5B3853}
	EndGlobalSection
EndGlobal
